{
  "name": "figma-cache-toolchain",
  "version": "2.0.4",
  "lockfileVersion": 2,
  "requires": true,
  "packages": {
    "": {
      "name": "figma-cache-toolchain",
      "version": "2.0.4",
      "license": "MIT",
      "bin": {
        "figma-cache": "bin/figma-cache.js"
      },
      "engines": {
        "node": ">=16.20.0"
      }
    }
  }
}
