{
  "name": "figma-to-code-pipeline",
  "version": "3.0.1",
  "lockfileVersion": 2,
  "requires": true,
  "packages": {
    "": {
      "name": "figma-to-code-pipeline",
      "version": "3.0.1",
      "license": "MIT",
      "bin": {
        "figma-cache": "bin/figma-cache.js"
      },
      "engines": {
        "node": ">=16.20.0"
      }
    }
  }
}
